// !$*UTF8*$!
{
	archiveVersion = 1;
	classes = {
	};
	objectVersion = 60;
	objects = {

/* Begin PBXBuildFile section */
		D04397AC2CEBE6BE0086A90E /* ViewController.swift in Sources */ = {isa = PBXBuildFile; fileRef = D04397AA2CEBE6BE0086A90E /* ViewController.swift */; };
		D04397AD2CEBE6BE0086A90E /* SceneDelegate.swift in Sources */ = {isa = PBXBuildFile; fileRef = D04397A82CEBE6BE0086A90E /* SceneDelegate.swift */; };
		D04397AE2CEBE6BE0086A90E /* View.swift in Sources */ = {isa = PBXBuildFile; fileRef = D04397A92CEBE6BE0086A90E /* View.swift */; };
		D04397AF2CEBE6BE0086A90E /* AppDelegate.swift in Sources */ = {isa = PBXBuildFile; fileRef = D04397A72CEBE6BE0086A90E /* AppDelegate.swift */; };
		D04397B02CEBE6BE0086A90E /* LaunchScreen.storyboard in Resources */ = {isa = PBXBuildFile; fileRef = D04397A32CEBE6BE0086A90E /* LaunchScreen.storyboard */; };
		D04397B22CEBE6BE0086A90E /* Assets.xcassets in Resources */ = {isa = PBXBuildFile; fileRef = D04397A02CEBE6BE0086A90E /* Assets.xcassets */; };
		D04397B72CEBE71E0086A90E /* UIKitLayout in Frameworks */ = {isa = PBXBuildFile; productRef = D04397B62CEBE71E0086A90E /* UIKitLayout */; };
/* End PBXBuildFile section */

/* Begin PBXFileReference section */
		D04397A02CEBE6BE0086A90E /* Assets.xcassets */ = {isa = PBXFileReference; lastKnownFileType = folder.assetcatalog; path = Assets.xcassets; sourceTree = "<group>"; };
		D04397A12CEBE6BE0086A90E /* Info.plist */ = {isa = PBXFileReference; lastKnownFileType = text.plist.xml; path = Info.plist; sourceTree = "<group>"; };
		D04397A22CEBE6BE0086A90E /* Base */ = {isa = PBXFileReference; lastKnownFileType = file.storyboard; name = Base; path = Base.lproj/LaunchScreen.storyboard; sourceTree = "<group>"; };
		D04397A72CEBE6BE0086A90E /* AppDelegate.swift */ = {isa = PBXFileReference; lastKnownFileType = sourcecode.swift; path = AppDelegate.swift; sourceTree = "<group>"; };
		D04397A82CEBE6BE0086A90E /* SceneDelegate.swift */ = {isa = PBXFileReference; lastKnownFileType = sourcecode.swift; path = SceneDelegate.swift; sourceTree = "<group>"; };
		D04397A92CEBE6BE0086A90E /* View.swift */ = {isa = PBXFileReference; lastKnownFileType = sourcecode.swift; path = View.swift; sourceTree = "<group>"; };
		D04397AA2CEBE6BE0086A90E /* ViewController.swift */ = {isa = PBXFileReference; lastKnownFileType = sourcecode.swift; path = ViewController.swift; sourceTree = "<group>"; };
		D04397B42CEBE6EE0086A90E /* UIKitLayout-Example.app */ = {isa = PBXFileReference; explicitFileType = wrapper.application; includeInIndex = 0; path = "UIKitLayout-Example.app"; sourceTree = BUILT_PRODUCTS_DIR; };
/* End PBXFileReference section */

/* Begin PBXFrameworksBuildPhase section */
		6752DF51284DB4A3009B295B /* Frameworks */ = {
			isa = PBXFrameworksBuildPhase;
			buildActionMask = 2147483647;
			files = (
				D04397B72CEBE71E0086A90E /* UIKitLayout in Frameworks */,
			);
			runOnlyForDeploymentPostprocessing = 0;
		};
/* End PBXFrameworksBuildPhase section */

/* Begin PBXGroup section */
		D04397A62CEBE6BE0086A90E /* Resources */ = {
			isa = PBXGroup;
			children = (
				D04397A02CEBE6BE0086A90E /* Assets.xcassets */,
				D04397A12CEBE6BE0086A90E /* Info.plist */,
				D04397A32CEBE6BE0086A90E /* LaunchScreen.storyboard */,
			);
			path = Resources;
			sourceTree = "<group>";
		};
		D04397AB2CEBE6BE0086A90E /* Source */ = {
			isa = PBXGroup;
			children = (
				D04397A72CEBE6BE0086A90E /* AppDelegate.swift */,
				D04397A82CEBE6BE0086A90E /* SceneDelegate.swift */,
				D04397A92CEBE6BE0086A90E /* View.swift */,
				D04397AA2CEBE6BE0086A90E /* ViewController.swift */,
			);
			path = Source;
			sourceTree = "<group>";
		};
		OBJ_5 = {
			isa = PBXGroup;
			children = (
				D04397A62CEBE6BE0086A90E /* Resources */,
				D04397AB2CEBE6BE0086A90E /* Source */,
				D04397B42CEBE6EE0086A90E /* UIKitLayout-Example.app */,
			);
			sourceTree = "<group>";
		};
/* End PBXGroup section */

/* Begin PBXNativeTarget section */
		6752DF53284DB4A3009B295B /* UIKitLayout-Example */ = {
			isa = PBXNativeTarget;
			buildConfigurationList = 6752DF67284DB4A5009B295B /* Build configuration list for PBXNativeTarget "UIKitLayout-Example" */;
			buildPhases = (
				6752DF50284DB4A3009B295B /* Sources */,
				6752DF51284DB4A3009B295B /* Frameworks */,
				6752DF52284DB4A3009B295B /* Resources */,
			);
			buildRules = (
			);
			dependencies = (
			);
			name = "UIKitLayout-Example";
			productName = "UIKitLayout-Example";
			productReference = D04397B42CEBE6EE0086A90E /* UIKitLayout-Example.app */;
			productType = "com.apple.product-type.application";
		};
/* End PBXNativeTarget section */

/* Begin PBXProject section */
		OBJ_1 /* Project object */ = {
			isa = PBXProject;
			attributes = {
				LastSwiftMigration = 9999;
				LastSwiftUpdateCheck = 1340;
				LastUpgradeCheck = 9999;
				TargetAttributes = {
					6752DF53284DB4A3009B295B = {
						CreatedOnToolsVersion = 13.4;
						ProvisioningStyle = Automatic;
					};
				};
			};
			buildConfigurationList = OBJ_2 /* Build configuration list for PBXProject "UIKitLayout-Example" */;
			compatibilityVersion = "Xcode 3.2";
			developmentRegion = en;
			hasScannedForEncodings = 0;
			knownRegions = (
				en,
				Base,
			);
			mainGroup = OBJ_5;
			packageReferences = (
				D04397B52CEBE71E0086A90E /* XCLocalSwiftPackageReference "../../UIKitLayout" */,
			);
			productRefGroup = OBJ_5;
			projectDirPath = "";
			projectRoot = "";
			targets = (
				6752DF53284DB4A3009B295B /* UIKitLayout-Example */,
			);
		};
/* End PBXProject section */

/* Begin PBXResourcesBuildPhase section */
		6752DF52284DB4A3009B295B /* Resources */ = {
			isa = PBXResourcesBuildPhase;
			buildActionMask = 2147483647;
			files = (
				D04397B02CEBE6BE0086A90E /* LaunchScreen.storyboard in Resources */,
				D04397B22CEBE6BE0086A90E /* Assets.xcassets in Resources */,
			);
			runOnlyForDeploymentPostprocessing = 0;
		};
/* End PBXResourcesBuildPhase section */

/* Begin PBXSourcesBuildPhase section */
		6752DF50284DB4A3009B295B /* Sources */ = {
			isa = PBXSourcesBuildPhase;
			buildActionMask = 2147483647;
			files = (
				D04397AC2CEBE6BE0086A90E /* ViewController.swift in Sources */,
				D04397AD2CEBE6BE0086A90E /* SceneDelegate.swift in Sources */,
				D04397AE2CEBE6BE0086A90E /* View.swift in Sources */,
				D04397AF2CEBE6BE0086A90E /* AppDelegate.swift in Sources */,
			);
			runOnlyForDeploymentPostprocessing = 0;
		};
/* End PBXSourcesBuildPhase section */

/* Begin PBXVariantGroup section */
		D04397A32CEBE6BE0086A90E /* LaunchScreen.storyboard */ = {
			isa = PBXVariantGroup;
			children = (
				D04397A22CEBE6BE0086A90E /* Base */,
			);
			name = LaunchScreen.storyboard;
			sourceTree = "<group>";
		};
/* End PBXVariantGroup section */

/* Begin XCBuildConfiguration section */
		6752DF65284DB4A5009B295B /* Debug */ = {
			isa = XCBuildConfiguration;
			buildSettings = {
				ALWAYS_SEARCH_USER_PATHS = NO;
				ASSETCATALOG_COMPILER_APPICON_NAME = AppIcon;
				ASSETCATALOG_COMPILER_GENERATE_SWIFT_ASSET_SYMBOL_EXTENSIONS = YES;
				CLANG_ANALYZER_NONNULL = YES;
				CLANG_ANALYZER_NUMBER_OBJECT_CONVERSION = YES_AGGRESSIVE;
				CLANG_ENABLE_OBJC_ARC = YES;
				CLANG_ENABLE_OBJC_WEAK = YES;
				CLANG_WARN_BLOCK_CAPTURE_AUTORELEASING = YES;
				CLANG_WARN_BOOL_CONVERSION = YES;
				CLANG_WARN_COMMA = YES;
				CLANG_WARN_CONSTANT_CONVERSION = YES;
				CLANG_WARN_DEPRECATED_OBJC_IMPLEMENTATIONS = YES;
				CLANG_WARN_DIRECT_OBJC_ISA_USAGE = YES_ERROR;
				CLANG_WARN_EMPTY_BODY = YES;
				CLANG_WARN_ENUM_CONVERSION = YES;
				CLANG_WARN_INFINITE_RECURSION = YES;
				CLANG_WARN_INT_CONVERSION = YES;
				CLANG_WARN_NON_LITERAL_NULL_CONVERSION = YES;
				CLANG_WARN_OBJC_IMPLICIT_RETAIN_SELF = YES;
				CLANG_WARN_OBJC_LITERAL_CONVERSION = YES;
				CLANG_WARN_OBJC_ROOT_CLASS = YES_ERROR;
				CLANG_WARN_QUOTED_INCLUDE_IN_FRAMEWORK_HEADER = YES_ERROR;
				CLANG_WARN_RANGE_LOOP_ANALYSIS = YES;
				CLANG_WARN_STRICT_PROTOTYPES = YES;
				CLANG_WARN_SUSPICIOUS_MOVE = YES;
				CLANG_WARN_UNREACHABLE_CODE = YES_AGGRESSIVE;
				CLANG_WARN__DUPLICATE_METHOD_MATCH = YES;
				CURRENT_PROJECT_VERSION = 1;
				DEBUG_INFORMATION_FORMAT = dwarf;
				ENABLE_TESTABILITY = YES;
				GCC_OPTIMIZATION_LEVEL = 0;
				GCC_PREPROCESSOR_DEFINITIONS = "DEBUG=1";
				GCC_WARN_64_TO_32_BIT_CONVERSION = YES;
				GCC_WARN_ABOUT_RETURN_TYPE = YES_ERROR;
				GCC_WARN_UNDECLARED_SELECTOR = YES;
				GCC_WARN_UNINITIALIZED_AUTOS = YES_AGGRESSIVE;
				GCC_WARN_UNUSED_FUNCTION = YES;
				GCC_WARN_UNUSED_VARIABLE = YES;
				GENERATE_INFOPLIST_FILE = YES;
				INFOPLIST_FILE = "$(SRCROOT)/Resources/Info.plist";
				INFOPLIST_KEY_UILaunchStoryboardName = LaunchScreen;
				INFOPLIST_KEY_UISupportedInterfaceOrientations = "";
				LD_RUNPATH_SEARCH_PATHS = "@executable_path/Frameworks";
				MARKETING_VERSION = 1.0;
				MTL_ENABLE_DEBUG_INFO = INCLUDE_SOURCE;
				MTL_FAST_MATH = YES;
				ONLY_ACTIVE_ARCH = YES;
				PRODUCT_BUNDLE_IDENTIFIER = "com.pmdev.UIKitLayout-Example";
				PRODUCT_NAME = "$(TARGET_NAME)";
				SDKROOT = iphoneos;
				SWIFT_ACTIVE_COMPILATION_CONDITIONS = DEBUG;
				SWIFT_EMIT_LOC_STRINGS = YES;
				SWIFT_OPTIMIZATION_LEVEL = "-Onone";
				SWIFT_VERSION = 6.0;
				TARGETED_DEVICE_FAMILY = "1,2";
			};
			name = Debug;
		};
		6752DF66284DB4A5009B295B /* Release */ = {
			isa = XCBuildConfiguration;
			buildSettings = {
				ALWAYS_SEARCH_USER_PATHS = NO;
				ASSETCATALOG_COMPILER_APPICON_NAME = AppIcon;
				ASSETCATALOG_COMPILER_GENERATE_SWIFT_ASSET_SYMBOL_EXTENSIONS = YES;
				CLANG_ANALYZER_NONNULL = YES;
				CLANG_ANALYZER_NUMBER_OBJECT_CONVERSION = YES_AGGRESSIVE;
				CLANG_ENABLE_OBJC_ARC = YES;
				CLANG_ENABLE_OBJC_WEAK = YES;
				CLANG_WARN_BLOCK_CAPTURE_AUTORELEASING = YES;
				CLANG_WARN_BOOL_CONVERSION = YES;
				CLANG_WARN_COMMA = YES;
				CLANG_WARN_CONSTANT_CONVERSION = YES;
				CLANG_WARN_DEPRECATED_OBJC_IMPLEMENTATIONS = YES;
				CLANG_WARN_DIRECT_OBJC_ISA_USAGE = YES_ERROR;
				CLANG_WARN_EMPTY_BODY = YES;
				CLANG_WARN_ENUM_CONVERSION = YES;
				CLANG_WARN_INFINITE_RECURSION = YES;
				CLANG_WARN_INT_CONVERSION = YES;
				CLANG_WARN_NON_LITERAL_NULL_CONVERSION = YES;
				CLANG_WARN_OBJC_IMPLICIT_RETAIN_SELF = YES;
				CLANG_WARN_OBJC_LITERAL_CONVERSION = YES;
				CLANG_WARN_OBJC_ROOT_CLASS = YES_ERROR;
				CLANG_WARN_QUOTED_INCLUDE_IN_FRAMEWORK_HEADER = YES_ERROR;
				CLANG_WARN_RANGE_LOOP_ANALYSIS = YES;
				CLANG_WARN_STRICT_PROTOTYPES = YES;
				CLANG_WARN_SUSPICIOUS_MOVE = YES;
				CLANG_WARN_UNREACHABLE_CODE = YES_AGGRESSIVE;
				CLANG_WARN__DUPLICATE_METHOD_MATCH = YES;
				CURRENT_PROJECT_VERSION = 1;
				GCC_PREPROCESSOR_DEFINITIONS = "DEBUG=1";
				GCC_WARN_64_TO_32_BIT_CONVERSION = YES;
				GCC_WARN_ABOUT_RETURN_TYPE = YES_ERROR;
				GCC_WARN_UNDECLARED_SELECTOR = YES;
				GCC_WARN_UNINITIALIZED_AUTOS = YES_AGGRESSIVE;
				GCC_WARN_UNUSED_FUNCTION = YES;
				GCC_WARN_UNUSED_VARIABLE = YES;
				GENERATE_INFOPLIST_FILE = YES;
				INFOPLIST_FILE = "$(SRCROOT)/Resources/Info.plist";
				INFOPLIST_KEY_UILaunchStoryboardName = LaunchScreen;
				INFOPLIST_KEY_UISupportedInterfaceOrientations = "";
				LD_RUNPATH_SEARCH_PATHS = "@executable_path/Frameworks";
				MARKETING_VERSION = 1.0;
				MTL_ENABLE_DEBUG_INFO = NO;
				MTL_FAST_MATH = YES;
				PRODUCT_BUNDLE_IDENTIFIER = "com.pmdev.UIKitLayout-Example";
				PRODUCT_NAME = "$(TARGET_NAME)";
				SDKROOT = iphoneos;
				SWIFT_ACTIVE_COMPILATION_CONDITIONS = DEBUG;
				SWIFT_COMPILATION_MODE = wholemodule;
				SWIFT_EMIT_LOC_STRINGS = YES;
				SWIFT_VERSION = 6.0;
				TARGETED_DEVICE_FAMILY = "1,2";
			};
			name = Release;
		};
		OBJ_3 /* Debug */ = {
			isa = XCBuildConfiguration;
			buildSettings = {
			};
			name = Debug;
		};
		OBJ_4 /* Release */ = {
			isa = XCBuildConfiguration;
			buildSettings = {
			};
			name = Release;
		};
/* End XCBuildConfiguration section */

/* Begin XCConfigurationList section */
		6752DF67284DB4A5009B295B /* Build configuration list for PBXNativeTarget "UIKitLayout-Example" */ = {
			isa = XCConfigurationList;
			buildConfigurations = (
				6752DF65284DB4A5009B295B /* Debug */,
				6752DF66284DB4A5009B295B /* Release */,
			);
			defaultConfigurationIsVisible = 0;
			defaultConfigurationName = Release;
		};
		OBJ_2 /* Build configuration list for PBXProject "UIKitLayout-Example" */ = {
			isa = XCConfigurationList;
			buildConfigurations = (
				OBJ_3 /* Debug */,
				OBJ_4 /* Release */,
			);
			defaultConfigurationIsVisible = 0;
			defaultConfigurationName = Release;
		};
/* End XCConfigurationList section */

/* Begin XCLocalSwiftPackageReference section */
		D04397B52CEBE71E0086A90E /* XCLocalSwiftPackageReference "../../UIKitLayout" */ = {
			isa = XCLocalSwiftPackageReference;
			relativePath = ../../UIKitLayout;
		};
/* End XCLocalSwiftPackageReference section */

/* Begin XCSwiftPackageProductDependency section */
		D04397B62CEBE71E0086A90E /* UIKitLayout */ = {
			isa = XCSwiftPackageProductDependency;
			productName = UIKitLayout;
		};
/* End XCSwiftPackageProductDependency section */
	};
	rootObject = OBJ_1 /* Project object */;
}
